{
  "name": "hello_world",
  "version": "0.0.0",
  "lockfileVersion": 2,
  "requires": true,
  "packages": {
    "": {
      "name": "hello_world",
      "version": "0.0.0",
      "license": "MIT",
      "dependencies": {
        "@yolm/boost": "file:../../"
      },
      "devDependencies": {
        "bun": "^0.6.12"
      }
    },
    "../..": {
      "name": "@yolm/boost",
      "version": "0.1.4",
      "license": "MIT",
      "dependencies": {
        "@types/node": "=20.3.1",
        "bun": "^0.6.12",
        "csstype": "=3.1.2",
        "node-fetch": "=3.3.1",
        "toposort": "=2.0.2"
      },
      "devDependencies": {
        "@types/toposort": "=2.0.3",
        "eslint": "=8.42.0",
        "fast-glob": "=3.2.12",
        "fs-extra": "=11.1.1",
        "jsdom": "=22.1.0",
        "prettier": "=2.8.8",
        "svgo": "=2.8.0",
        "typescript": "=5.1.3"
      }
    },
    "node_modules/@oven/bun-darwin-aarch64": {
      "version": "0.6.12",
      "resolved": "https://registry.npmjs.org/@oven/bun-darwin-aarch64/-/bun-darwin-aarch64-0.6.12.tgz",
      "integrity": "sha512-vqkb0sONnUOLZ0jrdmY4OYjahhAINg68HF/3K5A5xYjaEm0IgBeGquHPu2MiDtchkeSVKyxSJ7I5WY5Gx81zWw==",
      "cpu": [
        "arm64"
      ],
      "dev": true,
      "optional": true,
      "os": [
        "darwin"
      ]
    },
    "node_modules/@oven/bun-darwin-x64": {
      "version": "0.6.12",
      "resolved": "https://registry.npmjs.org/@oven/bun-darwin-x64/-/bun-darwin-x64-0.6.12.tgz",
      "integrity": "sha512-vnoUQHJ42E5Pz1+YdG1W35/JxOdiQBQc4OcTwuGleid91GDiuKRdLCKStHvZdRZw97rDUZcze0F0bGrxzPyHGQ==",
      "cpu": [
        "x64"
      ],
      "dev": true,
      "optional": true,
      "os": [
        "darwin"
      ]
    },
    "node_modules/@oven/bun-darwin-x64-baseline": {
      "version": "0.6.12",
      "resolved": "https://registry.npmjs.org/@oven/bun-darwin-x64-baseline/-/bun-darwin-x64-baseline-0.6.12.tgz",
      "integrity": "sha512-4PD1sIErRKwM8SAUPL29nxvaO05NMK47kT6H3wIV4M6VbeoR3edT1kDlgCA2EHKmymp/ObYV47aRoSkDx6OE3A==",
      "cpu": [
        "x64"
      ],
      "dev": true,
      "optional": true,
      "os": [
        "darwin"
      ]
    },
    "node_modules/@oven/bun-linux-aarch64": {
      "version": "0.6.12",
      "resolved": "https://registry.npmjs.org/@oven/bun-linux-aarch64/-/bun-linux-aarch64-0.6.12.tgz",
      "integrity": "sha512-5LS9jAW0pxx9lTdP2LtwXtCbjhwW194seCHIo59A+ZE7Ht4VKB7OuteUS8xdTEg7u2uvWgRG7K1sDpOJGsU8RQ==",
      "cpu": [
        "arm64"
      ],
      "dev": true,
      "optional": true,
      "os": [
        "linux"
      ]
    },
    "node_modules/@oven/bun-linux-x64": {
      "version": "0.6.12",
      "resolved": "https://registry.npmjs.org/@oven/bun-linux-x64/-/bun-linux-x64-0.6.12.tgz",
      "integrity": "sha512-W9g05HzNwgnOwTVh4O04LP+/TPfBZXIvnLca6e/3doSIZnw6fgUF9sbVWxyVZZvBXnwXWnRpWnAgggGTMcgvjg==",
      "cpu": [
        "x64"
      ],
      "dev": true,
      "optional": true,
      "os": [
        "linux"
      ]
    },
    "node_modules/@oven/bun-linux-x64-baseline": {
      "version": "0.6.12",
      "resolved": "https://registry.npmjs.org/@oven/bun-linux-x64-baseline/-/bun-linux-x64-baseline-0.6.12.tgz",
      "integrity": "sha512-c4c4kUuDvvRl3U485uC7QrtaCg4IJC9s6/8kG/6YBGQI3VJE5fUQFi18VNtCBn094DHkfD/q3NcY5uyFf+czMQ==",
      "cpu": [
        "x64"
      ],
      "dev": true,
      "optional": true,
      "os": [
        "linux"
      ]
    },
    "node_modules/@yolm/boost": {
      "resolved": "../..",
      "link": true
    },
    "node_modules/bun": {
      "version": "0.6.12",
      "resolved": "https://registry.npmjs.org/bun/-/bun-0.6.12.tgz",
      "integrity": "sha512-uYmeY1pTtbqwiXDlocibiHD56xE/s86LT3wADw17bKrMs9e+xFceUxtlB4QuN+m4mkxj4WNsEclRIK8TuOS5lA==",
      "cpu": [
        "arm64",
        "x64"
      ],
      "dev": true,
      "hasInstallScript": true,
      "os": [
        "darwin",
        "linux"
      ],
      "bin": {
        "bun": "bin/bun",
        "bunx": "bin/bun"
      },
      "optionalDependencies": {
        "@oven/bun-darwin-aarch64": "0.6.12",
        "@oven/bun-darwin-x64": "0.6.12",
        "@oven/bun-darwin-x64-baseline": "0.6.12",
        "@oven/bun-linux-aarch64": "0.6.12",
        "@oven/bun-linux-x64": "0.6.12",
        "@oven/bun-linux-x64-baseline": "0.6.12"
      }
    }
  },
  "dependencies": {
    "@oven/bun-darwin-aarch64": {
      "version": "0.6.12",
      "resolved": "https://registry.npmjs.org/@oven/bun-darwin-aarch64/-/bun-darwin-aarch64-0.6.12.tgz",
      "integrity": "sha512-vqkb0sONnUOLZ0jrdmY4OYjahhAINg68HF/3K5A5xYjaEm0IgBeGquHPu2MiDtchkeSVKyxSJ7I5WY5Gx81zWw==",
      "dev": true,
      "optional": true
    },
    "@oven/bun-darwin-x64": {
      "version": "0.6.12",
      "resolved": "https://registry.npmjs.org/@oven/bun-darwin-x64/-/bun-darwin-x64-0.6.12.tgz",
      "integrity": "sha512-vnoUQHJ42E5Pz1+YdG1W35/JxOdiQBQc4OcTwuGleid91GDiuKRdLCKStHvZdRZw97rDUZcze0F0bGrxzPyHGQ==",
      "dev": true,
      "optional": true
    },
    "@oven/bun-darwin-x64-baseline": {
      "version": "0.6.12",
      "resolved": "https://registry.npmjs.org/@oven/bun-darwin-x64-baseline/-/bun-darwin-x64-baseline-0.6.12.tgz",
      "integrity": "sha512-4PD1sIErRKwM8SAUPL29nxvaO05NMK47kT6H3wIV4M6VbeoR3edT1kDlgCA2EHKmymp/ObYV47aRoSkDx6OE3A==",
      "dev": true,
      "optional": true
    },
    "@oven/bun-linux-aarch64": {
      "version": "0.6.12",
      "resolved": "https://registry.npmjs.org/@oven/bun-linux-aarch64/-/bun-linux-aarch64-0.6.12.tgz",
      "integrity": "sha512-5LS9jAW0pxx9lTdP2LtwXtCbjhwW194seCHIo59A+ZE7Ht4VKB7OuteUS8xdTEg7u2uvWgRG7K1sDpOJGsU8RQ==",
      "dev": true,
      "optional": true
    },
    "@oven/bun-linux-x64": {
      "version": "0.6.12",
      "resolved": "https://registry.npmjs.org/@oven/bun-linux-x64/-/bun-linux-x64-0.6.12.tgz",
      "integrity": "sha512-W9g05HzNwgnOwTVh4O04LP+/TPfBZXIvnLca6e/3doSIZnw6fgUF9sbVWxyVZZvBXnwXWnRpWnAgggGTMcgvjg==",
      "dev": true,
      "optional": true
    },
    "@oven/bun-linux-x64-baseline": {
      "version": "0.6.12",
      "resolved": "https://registry.npmjs.org/@oven/bun-linux-x64-baseline/-/bun-linux-x64-baseline-0.6.12.tgz",
      "integrity": "sha512-c4c4kUuDvvRl3U485uC7QrtaCg4IJC9s6/8kG/6YBGQI3VJE5fUQFi18VNtCBn094DHkfD/q3NcY5uyFf+czMQ==",
      "dev": true,
      "optional": true
    },
    "@yolm/boost": {
      "version": "file:../..",
      "requires": {
        "@types/node": "=20.3.1",
        "@types/toposort": "=2.0.3",
        "bun": "^0.6.12",
        "csstype": "=3.1.2",
        "eslint": "=8.42.0",
        "fast-glob": "=3.2.12",
        "fs-extra": "=11.1.1",
        "jsdom": "=22.1.0",
        "node-fetch": "=3.3.1",
        "prettier": "=2.8.8",
        "svgo": "=2.8.0",
        "toposort": "=2.0.2",
        "typescript": "=5.1.3"
      }
    },
    "bun": {
      "version": "0.6.12",
      "resolved": "https://registry.npmjs.org/bun/-/bun-0.6.12.tgz",
      "integrity": "sha512-uYmeY1pTtbqwiXDlocibiHD56xE/s86LT3wADw17bKrMs9e+xFceUxtlB4QuN+m4mkxj4WNsEclRIK8TuOS5lA==",
      "dev": true,
      "requires": {
        "@oven/bun-darwin-aarch64": "0.6.12",
        "@oven/bun-darwin-x64": "0.6.12",
        "@oven/bun-darwin-x64-baseline": "0.6.12",
        "@oven/bun-linux-aarch64": "0.6.12",
        "@oven/bun-linux-x64": "0.6.12",
        "@oven/bun-linux-x64-baseline": "0.6.12"
      }
    }
  }
}
